
Microsoft Visual Studio Solution File, Format Version 12.00
# Visual Studio Version 17
VisualStudioVersion = 17.8.34525.116
MinimumVisualStudioVersion = 10.0.40219.1
Project("{FAE04EC0-301F-11D3-BF4B-00C04F79EFBC}") = "MediNet", "Onana Hospital Management System\MediNet.csproj", "{CEEE46CB-F017-46C0-B35D-817C6BEB29E8}"
EndProject
Project("{9A19103F-16F7-4668-BE54-9A1E7A4F7556}") = "UI Test", "UI Test\UI Test.csproj", "{DBD7FC89-F5DD-4A26-8D69-A6C420846775}"
EndProject
Project("{FAE04EC0-301F-11D3-BF4B-00C04F79EFBC}") = "Server", "Server\Server.csproj", "{179E64A3-2E39-448C-9A14-77F0FBE22D3A}"
EndProject
Global
	GlobalSection(SolutionConfigurationPlatforms) = preSolution
		Debug|Any CPU = Debug|Any CPU
		Release|Any CPU = Release|Any CPU
	EndGlobalSection
	GlobalSection(ProjectConfigurationPlatforms) = postSolution
		{CEEE46CB-F017-46C0-B35D-817C6BEB29E8}.Debug|Any CPU.ActiveCfg = Debug|Any CPU
		{CEEE46CB-F017-46C0-B35D-817C6BEB29E8}.Debug|Any CPU.Build.0 = Debug|Any CPU
		{CEEE46CB-F017-46C0-B35D-817C6BEB29E8}.Release|Any CPU.ActiveCfg = Release|Any CPU
		{CEEE46CB-F017-46C0-B35D-817C6BEB29E8}.Release|Any CPU.Build.0 = Release|Any CPU
		{DBD7FC89-F5DD-4A26-8D69-A6C420846775}.Debug|Any CPU.ActiveCfg = Debug|Any CPU
		{DBD7FC89-F5DD-4A26-8D69-A6C420846775}.Debug|Any CPU.Build.0 = Debug|Any CPU
		{DBD7FC89-F5DD-4A26-8D69-A6C420846775}.Release|Any CPU.ActiveCfg = Release|Any CPU
		{DBD7FC89-F5DD-4A26-8D69-A6C420846775}.Release|Any CPU.Build.0 = Release|Any CPU
		{179E64A3-2E39-448C-9A14-77F0FBE22D3A}.Debug|Any CPU.ActiveCfg = Debug|Any CPU
		{179E64A3-2E39-448C-9A14-77F0FBE22D3A}.Debug|Any CPU.Build.0 = Debug|Any CPU
		{179E64A3-2E39-448C-9A14-77F0FBE22D3A}.Release|Any CPU.ActiveCfg = Release|Any CPU
		{179E64A3-2E39-448C-9A14-77F0FBE22D3A}.Release|Any CPU.Build.0 = Release|Any CPU
	EndGlobalSection
	GlobalSection(SolutionProperties) = preSolution
		HideSolutionNode = FALSE
	EndGlobalSection
	GlobalSection(ExtensibilityGlobals) = postSolution
		SolutionGuid = {35EE3D45-B9A4-4F54-84E5-92F95541B3DD}
	EndGlobalSection
EndGlobal
